
Microsoft Visual Studio Solution File, Format Version 12.00
# Visual Studio Version 17
VisualStudioVersion = 17.13.35913.81 d17.13
MinimumVisualStudioVersion = 10.0.40219.1
Project("{FAE04EC0-301F-11D3-BF4B-00C04F79EFBC}") = "ToDo_List_2", "ToDo_List_2\ToDo_List_2.csproj", "{3B51FE43-727D-4D2C-B043-3A07047B84B8}"
EndProject
Global
	GlobalSection(SolutionConfigurationPlatforms) = preSolution
		Debug|Any CPU = Debug|Any CPU
		Release|Any CPU = Release|Any CPU
	EndGlobalSection
	GlobalSection(ProjectConfigurationPlatforms) = postSolution
		{3B51FE43-727D-4D2C-B043-3A07047B84B8}.Debug|Any CPU.ActiveCfg = Debug|Any CPU
		{3B51FE43-727D-4D2C-B043-3A07047B84B8}.Debug|Any CPU.Build.0 = Debug|Any CPU
		{3B51FE43-727D-4D2C-B043-3A07047B84B8}.Release|Any CPU.ActiveCfg = Release|Any CPU
		{3B51FE43-727D-4D2C-B043-3A07047B84B8}.Release|Any CPU.Build.0 = Release|Any CPU
	EndGlobalSection
	GlobalSection(SolutionProperties) = preSolution
		HideSolutionNode = FALSE
	EndGlobalSection
	GlobalSection(ExtensibilityGlobals) = postSolution
		SolutionGuid = {B9A829A1-D3F6-4E8E-B1CF-E957094B41AC}
	EndGlobalSection
EndGlobal
